
Microsoft Visual Studio Solution File, Format Version 12.00
# Visual Studio 15
VisualStudioVersion = 15.0.28010.2036
MinimumVisualStudioVersion = 10.0.40219.1
Project("{FAE04EC0-301F-11D3-BF4B-00C04F79EFBC}") = "Trie01", "Trie01.csproj", "{70770780-5FB6-413E-AF7F-FA0DEBA0D9C6}"
EndProject
Global
	GlobalSection(SolutionConfigurationPlatforms) = preSolution
		Debug|Any CPU = Debug|Any CPU
		Release|Any CPU = Release|Any CPU
	EndGlobalSection
	GlobalSection(ProjectConfigurationPlatforms) = postSolution
		{70770780-5FB6-413E-AF7F-FA0DEBA0D9C6}.Debug|Any CPU.ActiveCfg = Debug|Any CPU
		{70770780-5FB6-413E-AF7F-FA0DEBA0D9C6}.Debug|Any CPU.Build.0 = Debug|Any CPU
		{70770780-5FB6-413E-AF7F-FA0DEBA0D9C6}.Release|Any CPU.ActiveCfg = Release|Any CPU
		{70770780-5FB6-413E-AF7F-FA0DEBA0D9C6}.Release|Any CPU.Build.0 = Release|Any CPU
	EndGlobalSection
	GlobalSection(SolutionProperties) = preSolution
		HideSolutionNode = FALSE
	EndGlobalSection
	GlobalSection(ExtensibilityGlobals) = postSolution
		SolutionGuid = {E2377AFB-782D-4A10-9CA1-D612A5A2F88D}
	EndGlobalSection
EndGlobal
